speakeasyVersion: 0.0.1
sources:
    openapi:
        sourceNamespace: openapi
        sourceRevisionDigest: sha256:6a82f0f5e422845e8aeb6a6b2371c00b8c06d643d2f22b6070314423b6fc7110
        sourceBlobDigest: sha256:c3258e2807ba9e260388f779d707cfae2321c308f888ff31b440685842d7a1a4
        tags:
            - latest
            - 1.0.0
targets:
    overlay-example:
        source: openapi
        sourceNamespace: openapi
        sourceRevisionDigest: sha256:6a82f0f5e422845e8aeb6a6b2371c00b8c06d643d2f22b6070314423b6fc7110
        sourceBlobDigest: sha256:c3258e2807ba9e260388f779d707cfae2321c308f888ff31b440685842d7a1a4
        codeSamplesNamespace: openapi-typescript-code-samples
        codeSamplesRevisionDigest: sha256:5c769892e10728283113f56482faa718fab97395000591dc2d5115a89f5b6754
workflow:
    workflowVersion: 1.0.0
    speakeasyVersion: latest
    sources:
        openapi:
            inputs:
                - location: openapi.yaml
            overlays:
                - location: overlay.yaml
            output: combined-spec.yaml
            registry:
                location: registry.speakeasyapi.dev/speakeasy-self/speakeasy-self/openapi
    targets:
        overlay-example:
            target: typescript
            source: openapi
            codeSamples:
                registry:
                    location: registry.speakeasyapi.dev/speakeasy-self/speakeasy-self/openapi-typescript-code-samples
                labelOverride:
                    fixedValue: Typescript (SDK)
                blocking: false
