speakeasyVersion: 1.567.1
sources:
    openapi:
        sourceNamespace: openapi
        sourceRevisionDigest: sha256:86af8f15f346d1beba5fd568ffd207445cc42dba54c1d93dc847ab3758eed0f0
        sourceBlobDigest: sha256:5b6536bcb03d25863717efc0ddd9a4dbac556a154104d2ea5c6e0df3994c054a
        tags:
            - latest
            - speakeasy-sdk-regen-1750272913
            - 1.0.0
targets:
    overlay-example:
        source: openapi
        sourceNamespace: openapi
        sourceRevisionDigest: sha256:86af8f15f346d1beba5fd568ffd207445cc42dba54c1d93dc847ab3758eed0f0
        sourceBlobDigest: sha256:5b6536bcb03d25863717efc0ddd9a4dbac556a154104d2ea5c6e0df3994c054a
        codeSamplesNamespace: openapi-typescript-code-samples
        codeSamplesRevisionDigest: sha256:97721005cde6e6ad3e5fb58519fffda01e98384cb838926d6327c944ad08f61f
workflow:
    workflowVersion: 1.0.0
    speakeasyVersion: latest
    sources:
        openapi:
            inputs:
                - location: openapi.yaml
            overlays:
                - location: overlay.yaml
            output: combined-spec.yaml
            registry:
                location: registry.speakeasyapi.dev/speakeasy-self/speakeasy-self/openapi
    targets:
        overlay-example:
            target: typescript
            source: openapi
            codeSamples:
                registry:
                    location: registry.speakeasyapi.dev/speakeasy-self/speakeasy-self/openapi-typescript-code-samples
                labelOverride:
                    fixedValue: Typescript (SDK)
                blocking: false
